
Microsoft Visual Studio Solution File, Format Version 12.00
# Visual Studio Version 17
VisualStudioVersion = 17.0.31903.59
MinimumVisualStudioVersion = 10.0.40219.1
Project("{2150E333-8FDC-42A3-9474-1A3956D46DE8}") = "src", "src", "{827E0CD3-B72D-47B6-A68D-7590B98EB39B}"
EndProject
Project("{FAE04EC0-301F-11D3-BF4B-00C04F79EFBC}") = "RajMudra.Domain", "src\RajMudra.Domain\RajMudra.Domain.csproj", "{467D12CD-E084-45EC-8BA4-11431924F8E1}"
EndProject
Project("{FAE04EC0-301F-11D3-BF4B-00C04F79EFBC}") = "RajMudra.Application", "src\RajMudra.Application\RajMudra.Application.csproj", "{86AD9AC5-76D8-4AF0-8123-B50049FD7DC6}"
EndProject
Project("{FAE04EC0-301F-11D3-BF4B-00C04F79EFBC}") = "RajMudra.Infrastructure", "src\RajMudra.Infrastructure\RajMudra.Infrastructure.csproj", "{C9A14A52-BD37-460E-A45B-82DC636313B7}"
EndProject
Project("{FAE04EC0-301F-11D3-BF4B-00C04F79EFBC}") = "RajMudra.WebApi", "src\RajMudra.WebApi\RajMudra.WebApi.csproj", "{C223B30B-4724-4527-BFF7-09D59AEF9A85}"
EndProject
Global
	GlobalSection(SolutionConfigurationPlatforms) = preSolution
		Debug|Any CPU = Debug|Any CPU
		Debug|x64 = Debug|x64
		Debug|x86 = Debug|x86
		Release|Any CPU = Release|Any CPU
		Release|x64 = Release|x64
		Release|x86 = Release|x86
	EndGlobalSection
	GlobalSection(ProjectConfigurationPlatforms) = postSolution
		{467D12CD-E084-45EC-8BA4-11431924F8E1}.Debug|Any CPU.ActiveCfg = Debug|Any CPU
		{467D12CD-E084-45EC-8BA4-11431924F8E1}.Debug|Any CPU.Build.0 = Debug|Any CPU
		{467D12CD-E084-45EC-8BA4-11431924F8E1}.Debug|x64.ActiveCfg = Debug|Any CPU
		{467D12CD-E084-45EC-8BA4-11431924F8E1}.Debug|x64.Build.0 = Debug|Any CPU
		{467D12CD-E084-45EC-8BA4-11431924F8E1}.Debug|x86.ActiveCfg = Debug|Any CPU
		{467D12CD-E084-45EC-8BA4-11431924F8E1}.Debug|x86.Build.0 = Debug|Any CPU
		{467D12CD-E084-45EC-8BA4-11431924F8E1}.Release|Any CPU.ActiveCfg = Release|Any CPU
		{467D12CD-E084-45EC-8BA4-11431924F8E1}.Release|Any CPU.Build.0 = Release|Any CPU
		{467D12CD-E084-45EC-8BA4-11431924F8E1}.Release|x64.ActiveCfg = Release|Any CPU
		{467D12CD-E084-45EC-8BA4-11431924F8E1}.Release|x64.Build.0 = Release|Any CPU
		{467D12CD-E084-45EC-8BA4-11431924F8E1}.Release|x86.ActiveCfg = Release|Any CPU
		{467D12CD-E084-45EC-8BA4-11431924F8E1}.Release|x86.Build.0 = Release|Any CPU
		{86AD9AC5-76D8-4AF0-8123-B50049FD7DC6}.Debug|Any CPU.ActiveCfg = Debug|Any CPU
		{86AD9AC5-76D8-4AF0-8123-B50049FD7DC6}.Debug|Any CPU.Build.0 = Debug|Any CPU
		{86AD9AC5-76D8-4AF0-8123-B50049FD7DC6}.Debug|x64.ActiveCfg = Debug|Any CPU
		{86AD9AC5-76D8-4AF0-8123-B50049FD7DC6}.Debug|x64.Build.0 = Debug|Any CPU
		{86AD9AC5-76D8-4AF0-8123-B50049FD7DC6}.Debug|x86.ActiveCfg = Debug|Any CPU
		{86AD9AC5-76D8-4AF0-8123-B50049FD7DC6}.Debug|x86.Build.0 = Debug|Any CPU
		{86AD9AC5-76D8-4AF0-8123-B50049FD7DC6}.Release|Any CPU.ActiveCfg = Release|Any CPU
		{86AD9AC5-76D8-4AF0-8123-B50049FD7DC6}.Release|Any CPU.Build.0 = Release|Any CPU
		{86AD9AC5-76D8-4AF0-8123-B50049FD7DC6}.Release|x64.ActiveCfg = Release|Any CPU
		{86AD9AC5-76D8-4AF0-8123-B50049FD7DC6}.Release|x64.Build.0 = Release|Any CPU
		{86AD9AC5-76D8-4AF0-8123-B50049FD7DC6}.Release|x86.ActiveCfg = Release|Any CPU
		{86AD9AC5-76D8-4AF0-8123-B50049FD7DC6}.Release|x86.Build.0 = Release|Any CPU
		{C9A14A52-BD37-460E-A45B-82DC636313B7}.Debug|Any CPU.ActiveCfg = Debug|Any CPU
		{C9A14A52-BD37-460E-A45B-82DC636313B7}.Debug|Any CPU.Build.0 = Debug|Any CPU
		{C9A14A52-BD37-460E-A45B-82DC636313B7}.Debug|x64.ActiveCfg = Debug|Any CPU
		{C9A14A52-BD37-460E-A45B-82DC636313B7}.Debug|x64.Build.0 = Debug|Any CPU
		{C9A14A52-BD37-460E-A45B-82DC636313B7}.Debug|x86.ActiveCfg = Debug|Any CPU
		{C9A14A52-BD37-460E-A45B-82DC636313B7}.Debug|x86.Build.0 = Debug|Any CPU
		{C9A14A52-BD37-460E-A45B-82DC636313B7}.Release|Any CPU.ActiveCfg = Release|Any CPU
		{C9A14A52-BD37-460E-A45B-82DC636313B7}.Release|Any CPU.Build.0 = Release|Any CPU
		{C9A14A52-BD37-460E-A45B-82DC636313B7}.Release|x64.ActiveCfg = Release|Any CPU
		{C9A14A52-BD37-460E-A45B-82DC636313B7}.Release|x64.Build.0 = Release|Any CPU
		{C9A14A52-BD37-460E-A45B-82DC636313B7}.Release|x86.ActiveCfg = Release|Any CPU
		{C9A14A52-BD37-460E-A45B-82DC636313B7}.Release|x86.Build.0 = Release|Any CPU
		{C223B30B-4724-4527-BFF7-09D59AEF9A85}.Debug|Any CPU.ActiveCfg = Debug|Any CPU
		{C223B30B-4724-4527-BFF7-09D59AEF9A85}.Debug|Any CPU.Build.0 = Debug|Any CPU
		{C223B30B-4724-4527-BFF7-09D59AEF9A85}.Debug|x64.ActiveCfg = Debug|Any CPU
		{C223B30B-4724-4527-BFF7-09D59AEF9A85}.Debug|x64.Build.0 = Debug|Any CPU
		{C223B30B-4724-4527-BFF7-09D59AEF9A85}.Debug|x86.ActiveCfg = Debug|Any CPU
		{C223B30B-4724-4527-BFF7-09D59AEF9A85}.Debug|x86.Build.0 = Debug|Any CPU
		{C223B30B-4724-4527-BFF7-09D59AEF9A85}.Release|Any CPU.ActiveCfg = Release|Any CPU
		{C223B30B-4724-4527-BFF7-09D59AEF9A85}.Release|Any CPU.Build.0 = Release|Any CPU
		{C223B30B-4724-4527-BFF7-09D59AEF9A85}.Release|x64.ActiveCfg = Release|Any CPU
		{C223B30B-4724-4527-BFF7-09D59AEF9A85}.Release|x64.Build.0 = Release|Any CPU
		{C223B30B-4724-4527-BFF7-09D59AEF9A85}.Release|x86.ActiveCfg = Release|Any CPU
		{C223B30B-4724-4527-BFF7-09D59AEF9A85}.Release|x86.Build.0 = Release|Any CPU
	EndGlobalSection
	GlobalSection(SolutionProperties) = preSolution
		HideSolutionNode = FALSE
	EndGlobalSection
	GlobalSection(NestedProjects) = preSolution
		{467D12CD-E084-45EC-8BA4-11431924F8E1} = {827E0CD3-B72D-47B6-A68D-7590B98EB39B}
		{86AD9AC5-76D8-4AF0-8123-B50049FD7DC6} = {827E0CD3-B72D-47B6-A68D-7590B98EB39B}
		{C9A14A52-BD37-460E-A45B-82DC636313B7} = {827E0CD3-B72D-47B6-A68D-7590B98EB39B}
		{C223B30B-4724-4527-BFF7-09D59AEF9A85} = {827E0CD3-B72D-47B6-A68D-7590B98EB39B}
	EndGlobalSection
EndGlobal
